<?xml version="1.0" encoding="utf-8"?>
<Project ToolsVersion="4.0" xmlns="http://schemas.microsoft.com/developer/msbuild/2003">
  <ItemGroup>
    <Filter Include="源文件">
      <UniqueIdentifier>{4FC737F1-C7A5-4376-A066-2A32D752A2FF}</UniqueIdentifier>
      <Extensions>cpp;c;cc;cxx;c++;cppm;ixx;def;odl;idl;hpj;bat;asm;asmx</Extensions>
    </Filter>
    <Filter Include="头文件">
      <UniqueIdentifier>{93995380-89BD-4b04-88EB-625FBE52EBFB}</UniqueIdentifier>
      <Extensions>h;hh;hpp;hxx;h++;hm;inl;inc;ipp;xsd</Extensions>
    </Filter>
    <Filter Include="资源文件">
      <UniqueIdentifier>{67DA6AB6-F800-4c08-8B7A-83BB121AAD01}</UniqueIdentifier>
      <Extensions>rc;ico;cur;bmp;dlg;rc2;rct;bin;rgs;gif;jpg;jpeg;jpe;resx;tiff;tif;png;wav;mfcribbon-ms</Extensions>
    </Filter>
  </ItemGroup>
  <ItemGroup>
    <ClInclude Include="algorithm\algorithm.h">
      <Filter>头文件</Filter>
    </ClInclude>
    <ClInclude Include="algorithm\PID.h">
      <Filter>头文件</Filter>
    </ClInclude>
    <ClInclude Include="algorithm\PID.hpp">
      <Filter>头文件</Filter>
    </ClInclude>
    <ClInclude Include="base\assert.h">
      <Filter>头文件</Filter>
    </ClInclude>
    <ClInclude Include="base\base.h">
      <Filter>头文件</Filter>
    </ClInclude>
    <ClInclude Include="base\base_class.h">
      <Filter>头文件</Filter>
    </ClInclude>
    <ClInclude Include="base\bit.h">
      <Filter>头文件</Filter>
    </ClInclude>
    <ClInclude Include="base\concepts.h">
      <Filter>头文件</Filter>
    </ClInclude>
    <ClInclude Include="base\config.h">
      <Filter>头文件</Filter>
    </ClInclude>
    <ClInclude Include="extend\console.h">
      <Filter>头文件</Filter>
    </ClInclude>
    <ClInclude Include="extend\console.hpp">
      <Filter>头文件</Filter>
    </ClInclude>
    <ClInclude Include="base\defined.h">
      <Filter>头文件</Filter>
    </ClInclude>
    <ClInclude Include="base\log.h">
      <Filter>头文件</Filter>
    </ClInclude>
    <ClInclude Include="base\STL.h">
      <Filter>头文件</Filter>
    </ClInclude>
    <ClInclude Include="base\template_mate.h">
      <Filter>头文件</Filter>
    </ClInclude>
    <ClInclude Include="base\type_trait.h">
      <Filter>头文件</Filter>
    </ClInclude>
    <ClInclude Include="base\utility.h">
      <Filter>头文件</Filter>
    </ClInclude>
    <ClInclude Include="base\version.h">
      <Filter>头文件</Filter>
    </ClInclude>
    <ClInclude Include="embedded\bus\bus_base.h">
      <Filter>头文件</Filter>
    </ClInclude>
    <ClInclude Include="embedded\bus\i2c\I2C.h">
      <Filter>头文件</Filter>
    </ClInclude>
    <ClInclude Include="embedded\bus\serial_port\serial_port.h">
      <Filter>头文件</Filter>
    </ClInclude>
    <ClInclude Include="embedded\bus\spi\SPI.h">
      <Filter>头文件</Filter>
    </ClInclude>
    <ClInclude Include="embedded\bus\uart\UART.h">
      <Filter>头文件</Filter>
    </ClInclude>
    <ClInclude Include="embedded\bus\usb\UVC.h">
      <Filter>头文件</Filter>
    </ClInclude>
    <ClInclude Include="embedded\embedded.h">
      <Filter>头文件</Filter>
    </ClInclude>
    <ClInclude Include="embedded\Interface.h">
      <Filter>头文件</Filter>
    </ClInclude>
    <ClInclude Include="embedded\io\GPIO.h">
      <Filter>头文件</Filter>
    </ClInclude>
    <ClInclude Include="embedded\io\IO.h">
      <Filter>头文件</Filter>
    </ClInclude>
    <ClInclude Include="embedded\io\PWM.h">
      <Filter>头文件</Filter>
    </ClInclude>
    <ClInclude Include="extend\byte_array.h">
      <Filter>头文件</Filter>
    </ClInclude>
    <ClInclude Include="extend\color.h">
      <Filter>头文件</Filter>
    </ClInclude>
    <ClInclude Include="extend\debug.h">
      <Filter>头文件</Filter>
    </ClInclude>
    <ClInclude Include="extend\event.h">
      <Filter>头文件</Filter>
    </ClInclude>
    <ClInclude Include="extend\extend.h">
      <Filter>头文件</Filter>
    </ClInclude>
    <ClInclude Include="extend\file.h">
      <Filter>头文件</Filter>
    </ClInclude>
    <ClInclude Include="extend\function.h">
      <Filter>头文件</Filter>
    </ClInclude>
    <ClInclude Include="extend\memory.h">
      <Filter>头文件</Filter>
    </ClInclude>
    <ClInclude Include="extend\movie.h">
      <Filter>头文件</Filter>
    </ClInclude>
    <ClInclude Include="extend\parser.h">
      <Filter>头文件</Filter>
    </ClInclude>
    <ClInclude Include="extend\setting.h">
      <Filter>头文件</Filter>
    </ClInclude>
    <ClInclude Include="extend\timer.h">
      <Filter>头文件</Filter>
    </ClInclude>
    <ClInclude Include="math\line.h">
      <Filter>头文件</Filter>
    </ClInclude>
    <ClInclude Include="math\math.h">
      <Filter>头文件</Filter>
    </ClInclude>
    <ClInclude Include="math\matrix.h">
      <Filter>头文件</Filter>
    </ClInclude>
    <ClInclude Include="math\rectangle.h">
      <Filter>头文件</Filter>
    </ClInclude>
    <ClInclude Include="math\rotation.h">
      <Filter>头文件</Filter>
    </ClInclude>
    <ClInclude Include="math\transform.h">
      <Filter>头文件</Filter>
    </ClInclude>
    <ClInclude Include="math\util.h">
      <Filter>头文件</Filter>
    </ClInclude>
    <ClInclude Include="math\vector_post.h">
      <Filter>头文件</Filter>
    </ClInclude>
    <ClInclude Include="nda\config.h">
      <Filter>头文件</Filter>
    </ClInclude>
    <ClInclude Include="nda\container\tree.h">
      <Filter>头文件</Filter>
    </ClInclude>
    <ClInclude Include="nda\core\display_object.h">
      <Filter>头文件</Filter>
    </ClInclude>
    <ClInclude Include="nda\core\stage.h">
      <Filter>头文件</Filter>
    </ClInclude>
    <ClInclude Include="nda\defined.h">
      <Filter>头文件</Filter>
    </ClInclude>
    <ClInclude Include="nda\depend.h">
      <Filter>头文件</Filter>
    </ClInclude>
    <ClInclude Include="nda\NDA.h">
      <Filter>头文件</Filter>
    </ClInclude>
    <ClInclude Include="nsl\defined.h">
      <Filter>头文件</Filter>
    </ClInclude>
    <ClInclude Include="nsl\depend.h">
      <Filter>头文件</Filter>
    </ClInclude>
    <ClInclude Include="nsl\file\device_file.h">
      <Filter>头文件</Filter>
    </ClInclude>
    <ClInclude Include="nsl\file\file.h">
      <Filter>头文件</Filter>
    </ClInclude>
    <ClInclude Include="nsl\file\file.hpp">
      <Filter>头文件</Filter>
    </ClInclude>
    <ClInclude Include="nsl\io\GPIO.hpp">
      <Filter>头文件</Filter>
    </ClInclude>
    <ClInclude Include="nsl\io\MultiplexIO.h">
      <Filter>头文件</Filter>
    </ClInclude>
    <ClInclude Include="nsl\io\MultiplexIO.hpp">
      <Filter>头文件</Filter>
    </ClInclude>
    <ClInclude Include="nsl\media\frame_buffer.h">
      <Filter>头文件</Filter>
    </ClInclude>
    <ClInclude Include="nsl\media\frame_buffer.hpp">
      <Filter>头文件</Filter>
    </ClInclude>
    <ClInclude Include="nsl\media\V4L2.h">
      <Filter>头文件</Filter>
    </ClInclude>
    <ClInclude Include="nsl\media\V4L2.hpp">
      <Filter>头文件</Filter>
    </ClInclude>
    <ClInclude Include="nsl\NSL.h">
      <Filter>头文件</Filter>
    </ClInclude>
    <ClInclude Include="nsw\bus\serial_port.hpp">
      <Filter>头文件</Filter>
    </ClInclude>
    <ClInclude Include="nsw\bus\UART.hpp">
      <Filter>头文件</Filter>
    </ClInclude>
    <ClInclude Include="nsw\defined.h">
      <Filter>头文件</Filter>
    </ClInclude>
    <ClInclude Include="nsw\depend.h">
      <Filter>头文件</Filter>
    </ClInclude>
    <ClInclude Include="nsw\NSW.h">
      <Filter>头文件</Filter>
    </ClInclude>
    <ClInclude Include="NGS.h">
      <Filter>头文件</Filter>
    </ClInclude>
    <ClInclude Include="math\vector.h">
      <Filter>头文件</Filter>
    </ClInclude>
    <ClInclude Include="nda\core\bitmap.h">
      <Filter>头文件</Filter>
    </ClInclude>
    <ClInclude Include="nda\core\sprite.h">
      <Filter>头文件</Filter>
    </ClInclude>
    <ClInclude Include="nda\core\shape.h">
      <Filter>头文件</Filter>
    </ClInclude>
    <ClInclude Include="nda\container\pool.h">
      <Filter>头文件</Filter>
    </ClInclude>
    <ClInclude Include="nda\effect\blend.h">
      <Filter>头文件</Filter>
    </ClInclude>
    <ClInclude Include="base\type_info.h">
      <Filter>头文件</Filter>
    </ClInclude>
    <ClInclude Include="graphic\graph.h">
      <Filter>头文件</Filter>
    </ClInclude>
    <ClInclude Include="graphic\api\window.h">
      <Filter>头文件</Filter>
    </ClInclude>
    <ClInclude Include="graphic\api\graphic.h">
      <Filter>头文件</Filter>
    </ClInclude>
    <ClInclude Include="graphic\api\renderer.h">
      <Filter>头文件</Filter>
    </ClInclude>
    <ClInclude Include="graphic\api\image.h">
      <Filter>头文件</Filter>
    </ClInclude>
    <ClInclude Include="graphic\api\texture.h">
      <Filter>头文件</Filter>
    </ClInclude>
    <ClInclude Include="base\mpl\mpl_macro.h">
      <Filter>头文件</Filter>
    </ClInclude>
    <ClInclude Include="base\mpl\mpl.h">
      <Filter>头文件</Filter>
    </ClInclude>
    <ClInclude Include="base\mpl\bitmap.h">
      <Filter>头文件</Filter>
    </ClInclude>
    <ClInclude Include="base\mpl\find.h">
      <Filter>头文件</Filter>
    </ClInclude>
    <ClInclude Include="base\mpl\function.h">
      <Filter>头文件</Filter>
    </ClInclude>
    <ClInclude Include="base\mpl\template_extraction.h">
      <Filter>头文件</Filter>
    </ClInclude>
    <ClInclude Include="algorithm\dynamic_program.h">
      <Filter>头文件</Filter>
    </ClInclude>
    <ClInclude Include="base\mpl\utility.h">
      <Filter>头文件</Filter>
    </ClInclude>
    <ClInclude Include="base\mpl\defined.h">
      <Filter>头文件</Filter>
    </ClInclude>
    <ClInclude Include="base\mpl\concepts\sequence.h">
      <Filter>头文件</Filter>
    </ClInclude>
    <ClInclude Include="base\mpl\concepts\meta_function.h">
      <Filter>头文件</Filter>
    </ClInclude>
    <ClInclude Include="base\mpl\concepts\iterator.h">
      <Filter>头文件</Filter>
    </ClInclude>
    <ClInclude Include="base\mpl\concepts\algorithm.h">
      <Filter>头文件</Filter>
    </ClInclude>
    <ClInclude Include="base\mpl\concepts\data_type.h">
      <Filter>头文件</Filter>
    </ClInclude>
    <ClInclude Include="base\mpl\concepts\concept.h">
      <Filter>头文件</Filter>
    </ClInclude>
    <ClInclude Include="base\boost\mpl.h">
      <Filter>头文件</Filter>
    </ClInclude>
    <ClInclude Include="base\boost\boost.h">
      <Filter>头文件</Filter>
    </ClInclude>
    <ClInclude Include="embedded\bus\bus.h">
      <Filter>头文件</Filter>
    </ClInclude>
    <ClInclude Include="algorithm\algorithm.hpp">
      <Filter>头文件</Filter>
    </ClInclude>
    <ClInclude Include="base\boost\property_tree.h">
      <Filter>头文件</Filter>
    </ClInclude>
    <ClInclude Include="extend\extend.hpp">
      <Filter>头文件</Filter>
    </ClInclude>
    <ClInclude Include="NGS.hpp">
      <Filter>头文件</Filter>
    </ClInclude>
    <ClInclude Include="nsl\NSL.hpp">
      <Filter>头文件</Filter>
    </ClInclude>
    <ClInclude Include="nsw\NSW.hpp">
      <Filter>头文件</Filter>
    </ClInclude>
    <ClInclude Include="base\space_transform.h">
      <Filter>头文件</Filter>
    </ClInclude>
    <ClInclude Include="imgui\imgui.h">
      <Filter>头文件</Filter>
    </ClInclude>
    <ClInclude Include="extend\selector.h">
      <Filter>头文件</Filter>
    </ClInclude>
    <ClInclude Include="base\mpl\concepts\same.h">
      <Filter>头文件</Filter>
    </ClInclude>
    <ClInclude Include="base\memory_reinterpreter.h">
      <Filter>头文件</Filter>
    </ClInclude>
    <ClInclude Include="ngl\base\buffer.h">
      <Filter>头文件</Filter>
    </ClInclude>
    <ClInclude Include="ngl\base\buffer.hpp">
      <Filter>头文件</Filter>
    </ClInclude>
    <ClInclude Include="ngl\base\buffer_target.h">
      <Filter>头文件</Filter>
    </ClInclude>
    <ClInclude Include="ngl\base\object.h">
      <Filter>头文件</Filter>
    </ClInclude>
    <ClInclude Include="ngl\base\opengl.h">
      <Filter>头文件</Filter>
    </ClInclude>
    <ClInclude Include="ngl\base\opengl.hpp">
      <Filter>头文件</Filter>
    </ClInclude>
    <ClInclude Include="ngl\base\state.h">
      <Filter>头文件</Filter>
    </ClInclude>
    <ClInclude Include="ngl\base\target.h">
      <Filter>头文件</Filter>
    </ClInclude>
    <ClInclude Include="ngl\shader\shader.h">
      <Filter>头文件</Filter>
    </ClInclude>
    <ClInclude Include="ngl\shader\shader.hpp">
      <Filter>头文件</Filter>
    </ClInclude>
    <ClInclude Include="ngl\shader\source.h">
      <Filter>头文件</Filter>
    </ClInclude>
    <ClInclude Include="ngl\texture\texture.h">
      <Filter>头文件</Filter>
    </ClInclude>
    <ClInclude Include="ngl\texture\texture.hpp">
      <Filter>头文件</Filter>
    </ClInclude>
    <ClInclude Include="ngl\vertex\indices.h">
      <Filter>头文件</Filter>
    </ClInclude>
    <ClInclude Include="ngl\vertex\indices.hpp">
      <Filter>头文件</Filter>
    </ClInclude>
    <ClInclude Include="ngl\vertex\vertex_buffer.h">
      <Filter>头文件</Filter>
    </ClInclude>
    <ClInclude Include="ngl\vertex\vertex_buffer.hpp">
      <Filter>头文件</Filter>
    </ClInclude>
    <ClInclude Include="ngl\vertex\vertex_format.h">
      <Filter>头文件</Filter>
    </ClInclude>
    <ClInclude Include="ngl\error.h">
      <Filter>头文件</Filter>
    </ClInclude>
    <ClInclude Include="ngl\glfw.h">
      <Filter>头文件</Filter>
    </ClInclude>
    <ClInclude Include="ngl\config.h">
      <Filter>头文件</Filter>
    </ClInclude>
    <ClInclude Include="ngl\defined.h">
      <Filter>头文件</Filter>
    </ClInclude>
    <ClInclude Include="ngl\gl_enum.h">
      <Filter>头文件</Filter>
    </ClInclude>
    <ClInclude Include="ngl\NGL.h">
      <Filter>头文件</Filter>
    </ClInclude>
    <ClInclude Include="ngl\NGL.hpp">
      <Filter>头文件</Filter>
    </ClInclude>
    <ClInclude Include="ngl\opengl.h">
      <Filter>头文件</Filter>
    </ClInclude>
    <ClInclude Include="ngl\vertex\vertex.h">
      <Filter>头文件</Filter>
    </ClInclude>
    <ClInclude Include="base\mpl\sequence\sequence.h">
      <Filter>头文件</Filter>
    </ClInclude>
    <ClInclude Include="base\mpl\sequence\at.h">
      <Filter>头文件</Filter>
    </ClInclude>
    <ClInclude Include="base\mpl\struct\spread.h">
      <Filter>头文件</Filter>
    </ClInclude>
    <ClInclude Include="base\mpl\struct\struct.h">
      <Filter>头文件</Filter>
    </ClInclude>
    <ClInclude Include="base\mpl\struct\var.h">
      <Filter>头文件</Filter>
    </ClInclude>
    <ClInclude Include="base\mpl\struct\vars.h">
      <Filter>头文件</Filter>
    </ClInclude>
    <ClInclude Include="ngl\vertex\array\array.h">
      <Filter>头文件</Filter>
    </ClInclude>
    <ClInclude Include="ngl\vertex\concepts.h">
      <Filter>头文件</Filter>
    </ClInclude>
    <ClInclude Include="ngl\vertex\array\base.h">
      <Filter>头文件</Filter>
    </ClInclude>
    <ClInclude Include="ngl\vertex\array\base.hpp">
      <Filter>头文件</Filter>
    </ClInclude>
    <ClInclude Include="ngl\vertex\array\indices.h">
      <Filter>头文件</Filter>
    </ClInclude>
    <ClInclude Include="ngl\vertex\array\line.h">
      <Filter>头文件</Filter>
    </ClInclude>
    <ClInclude Include="ngl\vertex\array\polygon.h">
      <Filter>头文件</Filter>
    </ClInclude>
    <ClInclude Include="ngl\vertex\trait.h">
      <Filter>头文件</Filter>
    </ClInclude>
    <ClInclude Include="ngl\vertex\vertex.hpp">
      <Filter>头文件</Filter>
    </ClInclude>
  </ItemGroup>
  <ItemGroup>
    <ClCompile Include="nda\core\display_object.cpp">
      <Filter>源文件</Filter>
    </ClCompile>
  </ItemGroup>
  <ItemGroup>
    <Text Include="CMakeLists.txt" />
  </ItemGroup>
</Project>