<?xml version="1.0" encoding="utf-8"?>
<Project ToolsVersion="4.0" xmlns="http://schemas.microsoft.com/developer/msbuild/2003">
  <ItemGroup>
    <ClCompile Include="_discard\dl\display\display.hpp" />
    <ClCompile Include="_discard\dl\display\get_display_stage.hpp" />
    <ClCompile Include="_discard\dl\transform.hpp" />
    <ClCompile Include="nda\core\display_object.cpp" />
  </ItemGroup>
  <ItemGroup>
    <ClInclude Include="algorithm\algorithm.h" />
    <ClInclude Include="algorithm\algorithm.hpp" />
    <ClInclude Include="algorithm\dynamic_program.h" />
    <ClInclude Include="algorithm\PID.h" />
    <ClInclude Include="algorithm\PID.hpp" />
    <ClInclude Include="allocator\allocator.h" />
    <ClInclude Include="allocator\defined.h" />
    <ClInclude Include="allocator\id.h" />
    <ClInclude Include="assert\assert.h" />
    <ClInclude Include="assert\defined.h" />
    <ClInclude Include="assert\format.h" />
    <ClInclude Include="assert\normal.h" />
    <ClInclude Include="bases\bases.h" />
    <ClInclude Include="bases\defined.h" />
    <ClInclude Include="bases\delete_copy.h" />
    <ClInclude Include="bases\empty.h" />
    <ClInclude Include="bases\singleton.h" />
    <ClInclude Include="basic\preprocessor.h" />
    <ClInclude Include="bit\bit.h" />
    <ClInclude Include="bit\defined.h" />
    <ClInclude Include="bit\index.h" />
    <ClInclude Include="bit\operation.h" />
    <ClInclude Include="bit\set.h" />
    <ClInclude Include="bit\state.h" />
    <ClInclude Include="external\boost\stl_interfaces\iterator\random_access\trivial.h" />
    <ClInclude Include="byte\byte.h" />
    <ClInclude Include="byte\defined.h" />
    <ClInclude Include="byte\no_endian.h" />
    <ClInclude Include="color\channel.h" />
    <ClInclude Include="color\color.h" />
    <ClInclude Include="color\colors\defined.h" />
    <ClInclude Include="color\colors\primary.h" />
    <ClInclude Include="color\concept.h" />
    <ClInclude Include="color\constant.h" />
    <ClInclude Include="color\defined.h" />
    <ClInclude Include="color\colors\hsv.h" />
    <ClInclude Include="color\colors\primary_old.h" />
    <ClInclude Include="color\primary.h" />
    <ClInclude Include="color\primary\concept.h" />
    <ClInclude Include="color\primary\constant.h" />
    <ClInclude Include="color\primary\defined.h" />
    <ClInclude Include="color\primary\primary.h" />
    <ClInclude Include="color\primary\trait.h" />
    <ClInclude Include="config\feature\constexpr.h" />
    <ClInclude Include="config\lib.h" />
    <ClInclude Include="config\lib\boost.h" />
    <ClInclude Include="console\base.h" />
    <ClInclude Include="console\console.h" />
    <ClInclude Include="console\console.hpp" />
    <ClInclude Include="console\impl.h" />
    <ClInclude Include="console\impl\linux.hpp" />
    <ClInclude Include="console\impl\mac.hpp" />
    <ClInclude Include="console\impl\none.hpp" />
    <ClInclude Include="console\impl\windows.hpp" />
    <ClInclude Include="console\default.h" />
    <ClInclude Include="console\defined.h" />
    <ClInclude Include="cpt\is_specialization_of.h" />
    <ClInclude Include="cpt\is_template.h" />
    <ClInclude Include="embedded\embedded.h" />
    <ClInclude Include="embedded\io\base.h" />
    <ClInclude Include="embedded\io\bus.h" />
    <ClInclude Include="embedded\io\bus\base.h" />
    <ClInclude Include="embedded\io\bus\defined.h" />
    <ClInclude Include="embedded\io\bus\i2c.h" />
    <ClInclude Include="embedded\io\bus\i2c\address.h" />
    <ClInclude Include="embedded\io\bus\i2c\base.h" />
    <ClInclude Include="embedded\io\bus\i2c\defined.h" />
    <ClInclude Include="embedded\io\bus\i2c\master.h" />
    <ClInclude Include="embedded\io\bus\i2c\message.h" />
    <ClInclude Include="embedded\io\bus\i2c\mode.h" />
    <ClInclude Include="embedded\io\bus\i2c\mode\ack.h" />
    <ClInclude Include="embedded\io\bus\i2c\mode\address.h" />
    <ClInclude Include="embedded\io\bus\i2c\mode\io.h" />
    <ClInclude Include="embedded\io\bus\i2c\mode\defined.h" />
    <ClInclude Include="embedded\io\bus\i2c\slave.h" />
    <ClInclude Include="embedded\io\bus\spi.h" />
    <ClInclude Include="embedded\io\bus\spi\defined.h" />
    <ClInclude Include="embedded\io\bus\spi\device.h" />
    <ClInclude Include="embedded\io\bus\spi\master.h" />
    <ClInclude Include="embedded\io\bus\spi\mode.h" />
    <ClInclude Include="embedded\io\bus\spi\mode\phase.h" />
    <ClInclude Include="embedded\io\bus\spi\mode\polarity.h" />
    <ClInclude Include="embedded\io\bus\spi\mode\defined.h" />
    <ClInclude Include="embedded\io\bus\spi\slave.h" />
    <ClInclude Include="embedded\io\bus\spi\spi.h" />
    <ClInclude Include="embedded\io\frequency.h" />
    <ClInclude Include="embedded\io\gpio\defined.h" />
    <ClInclude Include="embedded\io\gpio\gpio.h" />
    <ClInclude Include="embedded\io\gpio\mode.h" />
    <ClInclude Include="embedded\io\gpio\mode\interrupt.h" />
    <ClInclude Include="embedded\io\gpio\mode\io.h" />
    <ClInclude Include="embedded\io\gpio\mode\defined.h" />
    <ClInclude Include="embedded\io\pin.h" />
    <ClInclude Include="embedded\io\gpio\mode\pull.h" />
    <ClInclude Include="embedded\io\pwm.h" />
    <ClInclude Include="embedded\defined.h" />
    <ClInclude Include="embedded\io.h" />
    <ClInclude Include="embedded\io\defined.h" />
    <ClInclude Include="embedded\io\gpio.h" />
    <ClInclude Include="embedded\io\io.h" />
    <ClInclude Include="external\defined.h" />
    <ClInclude Include="external\external.h" />
    <ClInclude Include="external\glfw.h" />
    <ClInclude Include="external\glfw_with_depend.hpp" />
    <ClInclude Include="external\glfw\defined.h" />
    <ClInclude Include="external\glfw\glfw.h" />
    <ClInclude Include="external\glfw\glfw_with_depend.hpp" />
    <ClInclude Include="external\glfw\state_machine.h" />
    <ClInclude Include="external\glfw\state_machine.hpp" />
    <ClInclude Include="external\glfw\window.h" />
    <ClInclude Include="external\glfw\window.hpp" />
    <ClInclude Include="external\glfw\glfw.hpp" />
    <ClInclude Include="external\glfw.hpp" />
    <ClInclude Include="external\vulkan.h" />
    <ClInclude Include="external\vulkan\defined.h" />
    <ClInclude Include="external\vulkan\descriptor\vertex\buffer.h" />
    <ClInclude Include="external\vulkan\descriptor\defined.h" />
    <ClInclude Include="external\vulkan\shader.h" />
    <ClInclude Include="external\vulkan\descriptor\buffer.h" />
    <ClInclude Include="external\vulkan\descriptor\vertex\buffer\attribute.h" />
    <ClInclude Include="external\vulkan\descriptor\vertex\buffer\binder.h" />
    <ClInclude Include="external\vulkan\shader\defined.h" />
    <ClInclude Include="external\vulkan\type_map.h" />
    <ClInclude Include="external\vulkan\type_map\defined.h" />
    <ClInclude Include="external\vulkan\type_map\tvm.h" />
    <ClInclude Include="external\vulkan\vulkan.h" />
    <ClInclude Include="external\vulkan\vulkan.hpp" />
    <ClInclude Include="external\vulkan\vulkan_with_depend.hpp" />
    <ClInclude Include="_discard\gsml\defined.h" />
    <ClInclude Include="lib\defined.h" />
    <ClInclude Include="lib\lib.h" />
    <ClInclude Include="lib\lib_end.h" />
    <ClInclude Include="lib\module.h" />
    <ClInclude Include="lib\module_end.h" />
    <ClInclude Include="linear_algebra\api\matrix.h" />
    <ClInclude Include="linear_algebra\api\scalar.h" />
    <ClInclude Include="linear_algebra\api\vector.h" />
    <ClInclude Include="linear_algebra\concept.h" />
    <ClInclude Include="linear_algebra\concept\defined.h" />
    <ClInclude Include="linear_algebra\concept\matrix.h" />
    <ClInclude Include="linear_algebra\concept\scalar.h" />
    <ClInclude Include="linear_algebra\concept\vector.h" />
    <ClInclude Include="linear_algebra\concept\vector\container.h" />
    <ClInclude Include="linear_algebra\concept\vector\defined.h" />
    <ClInclude Include="linear_algebra\concept\vector\expression.h" />
    <ClInclude Include="linear_algebra\container.h" />
    <ClInclude Include="linear_algebra\container\defined.h" />
    <ClInclude Include="linear_algebra\container\matrix.h" />
    <ClInclude Include="linear_algebra\container\scalar.h" />
    <ClInclude Include="linear_algebra\container\vector.h" />
    <ClInclude Include="linear_algebra\container\vector\base.h" />
    <ClInclude Include="linear_algebra\container\vector\base\container.h" />
    <ClInclude Include="linear_algebra\container\vector\defined.h" />
    <ClInclude Include="linear_algebra\container\vector\base\expression.h" />
    <ClInclude Include="linear_algebra\container\vector\vector.h" />
    <ClInclude Include="linear_algebra\defined.h" />
    <ClInclude Include="linear_algebra\interface.h" />
    <ClInclude Include="linear_algebra\interface\defined.h" />
    <ClInclude Include="linear_algebra\interface\matrix.h" />
    <ClInclude Include="linear_algebra\interface\matrix\access.h" />
    <ClInclude Include="linear_algebra\interface\matrix\defined.h" />
    <ClInclude Include="linear_algebra\interface\matrix\order.h" />
    <ClInclude Include="linear_algebra\interface\scalar.h" />
    <ClInclude Include="linear_algebra\interface\scalar\defined.h" />
    <ClInclude Include="linear_algebra\interface\vector.h" />
    <ClInclude Include="linear_algebra\interface\vector\access.h" />
    <ClInclude Include="linear_algebra\interface\vector\assign.h" />
    <ClInclude Include="linear_algebra\interface\vector\contain.h" />
    <ClInclude Include="linear_algebra\interface\vector\copy.h" />
    <ClInclude Include="linear_algebra\interface\vector\defined.h" />
    <ClInclude Include="linear_algebra\interface\vector\dimension.h" />
    <ClInclude Include="linear_algebra\linear_algebra.h" />
    <ClInclude Include="linear_algebra\matrix.h" />
    <ClInclude Include="linear_algebra\operators\defined.h" />
    <ClInclude Include="linear_algebra\operators\vector.h" />
    <ClInclude Include="linear_algebra\operators\vector\defined.h" />
    <ClInclude Include="linear_algebra\range.h" />
    <ClInclude Include="linear_algebra\ranges\defined.h" />
    <ClInclude Include="linear_algebra\ranges\vector.h" />
    <ClInclude Include="linear_algebra\ranges\vector\defined.h" />
    <ClInclude Include="linear_algebra\ranges\vector\iterator.h" />
    <ClInclude Include="linear_algebra\ranges\vector\iterator\grace.h" />
    <ClInclude Include="linear_algebra\ranges\vector\iterator\defined.h" />
    <ClInclude Include="linear_algebra\ranges\vector\iterator\noraml.h" />
    <ClInclude Include="linear_algebra\ranges\vector\norm.h" />
    <ClInclude Include="linear_algebra\ranges\vector\range.h" />
    <ClInclude Include="linear_algebra\ranges\vector\view.h" />
    <ClInclude Include="linear_algebra\ranges\vector\view\arithmetic.h" />
    <ClInclude Include="linear_algebra\ranges\vector\view\arithmetic\arithmetic.h" />
    <ClInclude Include="linear_algebra\ranges\vector\view\arithmetic\defined.h" />
    <ClInclude Include="linear_algebra\ranges\vector\view\arithmetic\gen.h" />
    <ClInclude Include="linear_algebra\ranges\vector\view\arithmetic\grace.h" />
    <ClInclude Include="linear_algebra\ranges\vector\view\binary.h" />
    <ClInclude Include="linear_algebra\ranges\vector\view\defined.h" />
    <ClInclude Include="linear_algebra\ranges\vector\view\negate.h" />
    <ClInclude Include="linear_algebra\ranges\vector\view\normalize.h" />
    <ClInclude Include="linear_algebra\ranges\vector\view\posit.h" />
    <ClInclude Include="linear_algebra\ranges\vector\product.h" />
    <ClInclude Include="linear_algebra\ranges\vector\view\unary.h" />
    <ClInclude Include="linear_algebra\ranges\vector\wrapper.h" />
    <ClInclude Include="linear_algebra\scalar.h" />
    <ClInclude Include="linear_algebra\vector.h" />
    <ClInclude Include="location\defined.h" />
    <ClInclude Include="location\location.h" />
    <ClInclude Include="location\source_location.h" />
    <ClInclude Include="log\config.h" />
    <ClInclude Include="log\logger.h" />
    <ClInclude Include="log\defined.h" />
    <ClInclude Include="log\level.h" />
    <ClInclude Include="log\log.h" />
    <ClInclude Include="log\scope.h" />
    <ClInclude Include="log\winapi.h" />
    <ClInclude Include="math\vector\concept\expression\functor.h" />
    <ClInclude Include="math\vector\concept\expression\trait.h" />
    <ClInclude Include="mpl\optional.h" />
    <ClInclude Include="mpl\optional\defined.h" />
    <ClInclude Include="mpl\optional\object.h" />
    <ClInclude Include="mpl\optional\object\optional.h" />
    <ClInclude Include="mpl\optional\process.h" />
    <ClInclude Include="mpl\optional\process\has_value.h" />
    <ClInclude Include="mpl\optional\optional.h" />
    <ClInclude Include="mpl\optional\process\value.h" />
    <ClInclude Include="mpl\optional\process\value_or.h" />
    <ClInclude Include="external\opengl\config.h" />
    <ClInclude Include="external\opengl\defined.h" />
    <ClInclude Include="external\opengl\enum\blend.h" />
    <ClInclude Include="external\opengl\enum\buffer.h" />
    <ClInclude Include="external\opengl\enum\capabilities.h" />
    <ClInclude Include="external\opengl\enum\cursor.h" />
    <ClInclude Include="external\opengl\enum\defined.h" />
    <ClInclude Include="external\opengl\enum\draw.h" />
    <ClInclude Include="external\opengl\enum\error_code.h" />
    <ClInclude Include="external\opengl\enum\filters.h" />
    <ClInclude Include="external\opengl\enum\framebuffer.h" />
    <ClInclude Include="external\opengl\enum\image_format.h" />
    <ClInclude Include="external\opengl\enum\shader.h" />
    <ClInclude Include="external\opengl\enum\texture.h" />
    <ClInclude Include="external\opengl\enum\usage.h" />
    <ClInclude Include="external\opengl\enum\wraps.h" />
    <ClInclude Include="external\opengl\error.h" />
    <ClInclude Include="external\opengl\enum.h" />
    <ClInclude Include="external\opengl\opengl.h" />
    <ClInclude Include="mpl\structure\type\defined.h" />
    <ClInclude Include="mpl\structure\type\structure\defined.h" />
    <ClInclude Include="osapi\defined.h" />
    <ClInclude Include="osapi\esp.h" />
    <ClInclude Include="osapi\esp.hpp" />
    <ClInclude Include="osapi\esp\assert.h" />
    <ClInclude Include="osapi\esp\assert\assert.h" />
    <ClInclude Include="osapi\esp\assert\defined.h" />
    <ClInclude Include="osapi\esp\embed.h" />
    <ClInclude Include="osapi\esp\embed\defined.h" />
    <ClInclude Include="osapi\esp\embed\embed.h" />
    <ClInclude Include="osapi\esp\io.h" />
    <ClInclude Include="osapi\esp\io.hpp" />
    <ClInclude Include="osapi\esp\io\bus.h" />
    <ClInclude Include="osapi\esp\io\bus.hpp" />
    <ClInclude Include="osapi\esp\io\bus\defined.h" />
    <ClInclude Include="osapi\esp\io\bus\i2c.h" />
    <ClInclude Include="osapi\esp\io\bus\i2c.hpp" />
    <ClInclude Include="osapi\esp\io\bus\i2c\master.h" />
    <ClInclude Include="osapi\esp\defined.h" />
    <ClInclude Include="osapi\esp\esp.h" />
    <ClInclude Include="osapi\esp\esp.hpp" />
    <ClInclude Include="osapi\esp\esp_idf.h" />
    <ClInclude Include="osapi\esp\io\bus\i2c\master.hpp" />
    <ClInclude Include="osapi\esp\io\bus\i2c\slave.h" />
    <ClInclude Include="osapi\esp\io\bus\i2c\slave.hpp" />
    <ClInclude Include="osapi\esp\tick_type.h" />
    <ClInclude Include="osapi\esp\io\bus\i2c\util.hpp" />
    <ClInclude Include="osapi\esp\io\bus\spi.h" />
    <ClInclude Include="osapi\esp\io\bus\spi.hpp" />
    <ClInclude Include="osapi\esp\io\bus\spi\device.h" />
    <ClInclude Include="osapi\esp\io\bus\spi\master.h" />
    <ClInclude Include="osapi\esp\io\bus\spi\master.hpp" />
    <ClInclude Include="osapi\esp\io\bus\spi\slave.h" />
    <ClInclude Include="osapi\esp\io\bus\spi\slave.hpp" />
    <ClInclude Include="osapi\esp\io\defined.h" />
    <ClInclude Include="osapi\esp\io\gpio.h" />
    <ClInclude Include="osapi\esp\io\gpio.hpp" />
    <ClInclude Include="osapi\esp\io\gpio\gpio.hpp" />
    <ClInclude Include="osapi\esp\io\gpio\config.h" />
    <ClInclude Include="osapi\esp\io\gpio\gpio.h" />
    <ClInclude Include="osapi\esp\io\PCNT.h" />
    <ClInclude Include="osapi\esp\io\PCNT.hpp" />
    <ClInclude Include="osapi\esp\io\PWM.hpp" />
    <ClInclude Include="osapi\esp\temp_config\sdkconfig.h" />
    <ClInclude Include="preprocessor\utils.h" />
    <ClInclude Include="preprocessor\utils\args_package.h" />
    <ClInclude Include="preprocessor\utils\as_one_expression.h" />
    <ClInclude Include="preprocessor\utils\cat.h" />
    <ClInclude Include="preprocessor\utils\clear_buffer.h" />
    <ClInclude Include="basic\preprocessor\concept_wrapper.h" />
    <ClInclude Include="preprocessor\utils\debug_if.h" />
    <ClInclude Include="preprocessor\utils\forward.h" />
    <ClInclude Include="preprocessor\utils\function_name.h" />
    <ClInclude Include="preprocessor\utils\to_string.h" />
    <ClInclude Include="basic\preprocessor\type_defined.h" />
    <ClInclude Include="preprocessor\utils\type_of_expression.h" />
    <ClInclude Include="basic\preprocessor\type_value_convert.h" />
    <ClInclude Include="preprocessor\utils\variable_args.h" />
    <ClInclude Include="preprocessor\utils\version.h" />
    <ClInclude Include="preprocessor\utils\warning.h" />
    <ClInclude Include="basic\type.h" />
    <ClInclude Include="basic\type\byte.h" />
    <ClInclude Include="basic\type\core.h" />
    <ClInclude Include="basic\type\defined.h" />
    <ClInclude Include="config\build.h" />
    <ClInclude Include="config\config.h" />
    <ClInclude Include="config\defined.h" />
    <ClInclude Include="config\feature.h" />
    <ClInclude Include="config\extern_c.h" />
    <ClInclude Include="config\feature\dll.h" />
    <ClInclude Include="config\feature\hpp.h" />
    <ClInclude Include="config\feature\inline.h" />
    <ClInclude Include="config\feature\module.h" />
    <ClInclude Include="numbers\defined.h" />
    <ClInclude Include="numbers\normal.h" />
    <ClInclude Include="numbers\numbers.h" />
    <ClInclude Include="preprocessor\defined.h" />
    <ClInclude Include="preprocessor\preprocessor.h" />
    <ClInclude Include="static\defined.h" />
    <ClInclude Include="static\functional.h" />
    <ClInclude Include="static\functional\binder\binder.h" />
    <ClInclude Include="static\functional\binder\concept.h" />
    <ClInclude Include="static\functional\binder\forward_replace.h" />
    <ClInclude Include="static\functional\binder\trait.h" />
    <ClInclude Include="static\functional\function.h" />
    <ClInclude Include="static\functional\reference.h" />
    <ClInclude Include="static\functional\reference\concept.h" />
    <ClInclude Include="static\params.h" />
    <ClInclude Include="static\functional\binder.h" />
    <ClInclude Include="static\functional\packer\apply.h" />
    <ClInclude Include="static\functional\packer\concept.h" />
    <ClInclude Include="static\functional\packer\forward_as_packer.h" />
    <ClInclude Include="static\functional\packer\packer.h" />
    <ClInclude Include="static\functional\packer\param_at.h" />
    <ClInclude Include="static\functional\packer\replace.h" />
    <ClInclude Include="static\functional\packer\size.h" />
    <ClInclude Include="static\functional\packer\unpack.h" />
    <ClInclude Include="static\functional\functional.h" />
    <ClInclude Include="static\functional\param\concept.h" />
    <ClInclude Include="static\functional\param\param.h" />
    <ClInclude Include="static\functional\param\placeholder.h" />
    <ClInclude Include="static\functional\param\placeholder\placeholder.h" />
    <ClInclude Include="static\functional\param\placeholder\concept.h" />
    <ClInclude Include="static\functional\param\placeholder\placeholders.h" />
    <ClInclude Include="static\functional\param\placeholder\forward_replace.h" />
    <ClInclude Include="static\functional\param\placeholder\trait.h" />
    <ClInclude Include="static\functional\defined.h" />
    <ClInclude Include="static\functional\packer.h" />
    <ClInclude Include="static\functional\param.h" />
    <ClInclude Include="static\functional\param\forward_replace.h" />
    <ClInclude Include="static\string.h" />
    <ClInclude Include="external\stl\defined.h" />
    <ClInclude Include="external\stl\iterator.h" />
    <ClInclude Include="external\stl\iterator\bidirectional.h" />
    <ClInclude Include="external\stl\iterator\config.h" />
    <ClInclude Include="external\stl\iterator\contiguous.h" />
    <ClInclude Include="external\stl\iterator\defined.h" />
    <ClInclude Include="external\stl\iterator\forward.h" />
    <ClInclude Include="external\stl\iterator\input.h" />
    <ClInclude Include="external\stl\iterator\input_or_output.h" />
    <ClInclude Include="external\stl\iterator\interface.h" />
    <ClInclude Include="external\stl\iterator\interface\interface.h" />
    <ClInclude Include="external\stl\iterator\output.h" />
    <ClInclude Include="external\stl\iterator\random_access.h" />
    <ClInclude Include="external\stl\tuple.h" />
    <ClInclude Include="external\stl\tuple\concept.h" />
    <ClInclude Include="external\stl\tuple\defined.h" />
    <ClInclude Include="symbol\defined.h" />
    <ClInclude Include="symbol\enum.h" />
    <ClInclude Include="symbol\symbol.h" />
    <ClInclude Include="symbol\type.h" />
    <ClInclude Include="symbol\value.h" />
    <ClInclude Include="to_string\defined.h" />
    <ClInclude Include="to_string\core.h" />
    <ClInclude Include="to_string\to_string.h" />
    <ClInclude Include="tvm\bijective.h" />
    <ClInclude Include="tvm\defined.h" />
    <ClInclude Include="tvm\injective.h" />
    <ClInclude Include="tvm\bijective\sequence.h" />
    <ClInclude Include="tvm\injective\tv.h" />
    <ClInclude Include="tvm\tvm.h" />
    <ClInclude Include="tvm\bijective\tv.h" />
    <ClInclude Include="tvm\injective\vt.h" />
    <ClInclude Include="tvm\injective\vv.h" />
    <ClInclude Include="type_trait\function.h" />
    <ClInclude Include="type_trait\is_specialization.h" />
    <ClInclude Include="type_trait\is_template.h" />
    <ClInclude Include="version\compiler.h" />
    <ClInclude Include="version\cpp_standard.h" />
    <ClInclude Include="version\system.h" />
    <ClInclude Include="external\boost\defined.h" />
    <ClInclude Include="external\boost\fusion.h" />
    <ClInclude Include="external\boost\fusion\algorithm.h" />
    <ClInclude Include="external\boost\fusion\algorithm\cat.h" />
    <ClInclude Include="external\boost\fusion\container.h" />
    <ClInclude Include="external\boost\fusion\container\concept.h" />
    <ClInclude Include="external\boost\fusion\container\map.h" />
    <ClInclude Include="external\boost\fusion\container\map\concept.h" />
    <ClInclude Include="external\boost\fusion\container\pair.h" />
    <ClInclude Include="external\boost\fusion\container\pair\concept.h" />
    <ClInclude Include="external\boost\fusion\container\vector.h" />
    <ClInclude Include="external\boost\fusion\container\vector\concept.h" />
    <ClInclude Include="external\boost\fusion\defined.h" />
    <ClInclude Include="external\boost\fusion\fusion.h" />
    <ClInclude Include="external\boost\mpl.h" />
    <ClInclude Include="external\boost\mpl\defined.h" />
    <ClInclude Include="external\boost\mpl\mpl.h" />
    <ClInclude Include="external\boost\mpl\pair.h" />
    <ClInclude Include="external\boost\mpl\pair\concept.h" />
    <ClInclude Include="external\boost\stl_interfaces.h" />
    <ClInclude Include="external\boost\stl_interfaces\defined.h" />
    <ClInclude Include="external\boost\stl_interfaces\iterator.h" />
    <ClInclude Include="external\boost\stl_interfaces\iterator\base.h" />
    <ClInclude Include="external\boost\stl_interfaces\iterator\contiguous.h" />
    <ClInclude Include="external\boost\stl_interfaces\iterator\contiguous\base.h" />
    <ClInclude Include="external\boost\stl_interfaces\iterator\contiguous\trivial.h" />
    <ClInclude Include="external\boost\stl_interfaces\iterator\random_access.h" />
    <ClInclude Include="external\boost\stl_interfaces\iterator\random_access\base.h" />
    <ClInclude Include="external\boost\stl_interfaces\range\base.h" />
    <ClInclude Include="external\boost\stl_interfaces\range\contiguous.h" />
    <ClInclude Include="external\boost\stl_interfaces\range\input.h" />
    <ClInclude Include="external\boost\stl_interfaces\range\output.h" />
    <ClInclude Include="external\boost\stl_interfaces\stl_interfaces.h" />
    <ClInclude Include="cpt\base.h" />
    <ClInclude Include="cpt\cpt.h" />
    <ClInclude Include="cpt\defined.h" />
    <ClInclude Include="ccpt\bool.h" />
    <ClInclude Include="cpt\na.h" />
    <ClInclude Include="cpt\object.h" />
    <ClInclude Include="cpt\object\is.h" />
    <ClInclude Include="cpt\object\same_as.h" />
    <ClInclude Include="cpt\operators.h" />
    <ClInclude Include="cpt\naked.h" />
    <ClInclude Include="cpt\naked\same_as.h" />
    <ClInclude Include="cpt\operators\address.h" />
    <ClInclude Include="cpt\operators\arithmetic.h" />
    <ClInclude Include="cpt\operators\assign.h" />
    <ClInclude Include="cpt\operators\bit.h" />
    <ClInclude Include="cpt\operators\compare.h" />
    <ClInclude Include="cpt\operators\gen_begin.h" />
    <ClInclude Include="cpt\operators\gen_end.h" />
    <ClInclude Include="cpt\operators\logic.h" />
    <ClInclude Include="cpt\operators\sign.h" />
    <ClInclude Include="math\angle.h" />
    <ClInclude Include="math\angle\angle.h" />
    <ClInclude Include="math\angle\core.h" />
    <ClInclude Include="math\angle\defined.h" />
    <ClInclude Include="math\basic\defined.h" />
    <ClInclude Include="math\basic\fix.h" />
    <ClInclude Include="math\basic\floor.h" />
    <ClInclude Include="math\basic\modulus.h" />
    <ClInclude Include="math\basic\remainder.h" />
    <ClInclude Include="math\matrix.h" />
    <ClInclude Include="math\matrix\concept.h" />
    <ClInclude Include="math\matrix\concept\container.h" />
    <ClInclude Include="math\matrix\concept\container\concept.h" />
    <ClInclude Include="math\matrix\concept\container\concept\container.h" />
    <ClInclude Include="math\matrix\concept\container\container.h" />
    <ClInclude Include="math\matrix\concept\container\functor.h" />
    <ClInclude Include="math\matrix\concept\container\functor\assign.h" />
    <ClInclude Include="math\matrix\concept\container\functor\copy.h" />
    <ClInclude Include="math\matrix\concept\container\trait.h" />
    <ClInclude Include="math\matrix\concept\container\trait\closure.h" />
    <ClInclude Include="math\matrix\implement.h" />
    <ClInclude Include="math\matrix\implement\operators.h" />
    <ClInclude Include="math\matrix\implement\operators\access.h" />
    <ClInclude Include="math\matrix\implement\operators\arithmetic\multiply\matrix.h" />
    <ClInclude Include="math\matrix\implement\operators\arithmetic\multiply\numeric.h" />
    <ClInclude Include="math\matrix\implement\operators\arithmetic\multiply\vector.h" />
    <ClInclude Include="math\matrix\implement\operators\arithmetic\numeric.h" />
    <ClInclude Include="math\matrix\implement\operators\arithmetic\multiply.h" />
    <ClInclude Include="math\matrix\implement\range\interface.h" />
    <ClInclude Include="math\matrix\implement\range\iterator.h" />
    <ClInclude Include="math\matrix\implement\range\trait.h" />
    <ClInclude Include="math\matrix\implement\range\wrapper.h" />
    <ClInclude Include="math\matrix\implement\standard\diagonal.h" />
    <ClInclude Include="math\matrix\implement\standard\layout.h" />
    <ClInclude Include="math\matrix\defined.h" />
    <ClInclude Include="math\matrix\concept\expression.h" />
    <ClInclude Include="math\matrix\concept\expression\concept\order.h" />
    <ClInclude Include="math\matrix\concept\expression\concept\expression.h" />
    <ClInclude Include="math\matrix\concept\expression\functor.h" />
    <ClInclude Include="math\matrix\concept\expression\functor\access.h" />
    <ClInclude Include="math\matrix\concept\expression\concept.h" />
    <ClInclude Include="math\matrix\concept\expression\expression.h" />
    <ClInclude Include="math\matrix\concept\expression\functor\order.h" />
    <ClInclude Include="math\matrix\concept\expression\index.h" />
    <ClInclude Include="math\matrix\concept\expression\trait.h" />
    <ClInclude Include="math\matrix\concept\expression\trait\closure.h" />
    <ClInclude Include="math\matrix\concept\expression\trait\value.h" />
    <ClInclude Include="math\matrix\matrix.h" />
    <ClInclude Include="math\matrix\implement\operators\arithmetic.h" />
    <ClInclude Include="math\matrix\implement\operators\compare.h" />
    <ClInclude Include="math\matrix\implement\operators\determinant.h" />
    <ClInclude Include="math\matrix\implement\operators\dimension.h" />
    <ClInclude Include="math\matrix\implement\operators\elimination.h" />
    <ClInclude Include="math\matrix\implement\operators\inverse.h" />
    <ClInclude Include="math\matrix\implement\operators\negate.h" />
    <ClInclude Include="math\matrix\implement\operators\rank.h" />
    <ClInclude Include="math\matrix\implement\operators\swap.h" />
    <ClInclude Include="math\matrix\implement\operators\transpose.h" />
    <ClInclude Include="math\matrix\implement\standard.h" />
    <ClInclude Include="math\matrix\implement\standard\binary.h" />
    <ClInclude Include="math\matrix\implement\standard\identity.h" />
    <ClInclude Include="math\matrix\implement\standard\matrix.h" />
    <ClInclude Include="math\matrix\implement\standard\quantity.h" />
    <ClInclude Include="math\matrix\implement\standard\trivial.h" />
    <ClInclude Include="math\matrix\implement\standard\triangular.h" />
    <ClInclude Include="math\matrix\implement\standard\zero.h" />
    <ClInclude Include="math\scalar.h" />
    <ClInclude Include="math\scalar\concepts\defined.h" />
    <ClInclude Include="math\scalar\concepts\operators.h" />
    <ClInclude Include="math\scalar\concepts\scalar.h" />
    <ClInclude Include="math\scalar\config.h" />
    <ClInclude Include="math\scalar\config\explicit.h" />
    <ClInclude Include="math\scalar\config\immediate_evaluation.h" />
    <ClInclude Include="math\scalar\container.h" />
    <ClInclude Include="math\scalar\container\assign.h" />
    <ClInclude Include="math\scalar\container\concept.h" />
    <ClInclude Include="math\scalar\container\tag.h" />
    <ClInclude Include="math\scalar\defined.h" />
    <ClInclude Include="math\scalar\expression.h" />
    <ClInclude Include="math\scalar\expression\concept.h" />
    <ClInclude Include="math\scalar\container\container.h" />
    <ClInclude Include="math\scalar\expression\evaluate.h" />
    <ClInclude Include="math\scalar\expression\expression.h" />
    <ClInclude Include="math\scalar\expression\value.h" />
    <ClInclude Include="math\scalar\expression\value_type.h" />
    <ClInclude Include="math\scalar\impl.h" />
    <ClInclude Include="math\scalar\impl\concept.h" />
    <ClInclude Include="math\scalar\impl\scalar.h" />
    <ClInclude Include="math\scalar\expression\tag.h" />
    <ClInclude Include="math\scalar\operate.h" />
    <ClInclude Include="math\scalar\operate\defined.h" />
    <ClInclude Include="math\scalar\operate\expression.h" />
    <ClInclude Include="math\scalar\operate\immediate.h" />
    <ClInclude Include="math\scalar\operate\immediate\base.h" />
    <ClInclude Include="math\scalar\operate\immediate\code_gen_begin.h" />
    <ClInclude Include="math\scalar\operate\immediate\code_gen_end.h" />
    <ClInclude Include="math\scalar\operate\operators.h" />
    <ClInclude Include="math\scalar\scalar.h" />
    <ClInclude Include="math\scalar\trait.h" />
    <ClInclude Include="math\vector.h" />
    <ClInclude Include="math\vector\concept.h" />
    <ClInclude Include="math\vector\concept\container.h" />
    <ClInclude Include="math\vector\concept\container\functor.h" />
    <ClInclude Include="math\vector\concept\container\functor\assign.h" />
    <ClInclude Include="math\vector\concept\container\concept.h" />
    <ClInclude Include="math\vector\concept\container\concept\expression.h" />
    <ClInclude Include="math\vector\concept\container\concept\size.h" />
    <ClInclude Include="math\vector\concept\container\container.h" />
    <ClInclude Include="math\vector\concept\container\functor\copy.h" />
    <ClInclude Include="math\vector\concept\container\trait.h" />
    <ClInclude Include="math\vector\concept\expression.h" />
    <ClInclude Include="math\vector\concept\expression\functor\access.h" />
    <ClInclude Include="math\vector\concept\container\trait\closure.h" />
    <ClInclude Include="math\vector\concept\expression\trait\closure.h" />
    <ClInclude Include="math\vector\concept\expression\concept.h" />
    <ClInclude Include="math\vector\config.h" />
    <ClInclude Include="math\vector\config\immediate_evaluation.h" />
    <ClInclude Include="math\vector\defined.h" />
    <ClInclude Include="math\vector\concept\expression\concept\dimension.h" />
    <ClInclude Include="math\vector\concept\expression\concept\expression.h" />
    <ClInclude Include="math\vector\concept\expression\functor\dimension.h" />
    <ClInclude Include="math\vector\concept\expression\expression.h" />
    <ClInclude Include="math\vector\implement.h" />
    <ClInclude Include="math\vector\implement\operators.h" />
    <ClInclude Include="math\vector\implement\operators\arithmetic.h" />
    <ClInclude Include="math\vector\implement\range\interface.h" />
    <ClInclude Include="math\vector\implement\range\iterator.h" />
    <ClInclude Include="math\vector\implement\range\trait.h" />
    <ClInclude Include="math\vector\implement\range\wrapper.h" />
    <ClInclude Include="math\vector\implement\standard\binary.h" />
    <ClInclude Include="math\vector\implement\operators\compare.h" />
    <ClInclude Include="math\vector\implement\operators\included_angle.h" />
    <ClInclude Include="math\vector\implement\operators\is_collinear.h" />
    <ClInclude Include="math\vector\implement\operators\norm.h" />
    <ClInclude Include="math\vector\implement\operators\negate.h" />
    <ClInclude Include="math\vector\implement\operators\normalize.h" />
    <ClInclude Include="math\vector\implement\operators\principal_angle.h" />
    <ClInclude Include="math\vector\implement\operators\product.h" />
    <ClInclude Include="math\vector\implement\standard\scalar.h" />
    <ClInclude Include="math\vector\implement\range.h" />
    <ClInclude Include="math\vector\concept\expression\trait\value.h" />
    <ClInclude Include="math\vector\implement\io.h" />
    <ClInclude Include="math\vector\implement\standard.h" />
    <ClInclude Include="math\vector\implement\standard\vector.h" />
    <ClInclude Include="math\vector\vector.h" />
    <ClInclude Include="type_trait\index_type_identiry.h" />
    <ClInclude Include="type_trait\is_same_object.h" />
    <ClInclude Include="type_trait\is_same_naked.h" />
    <ClInclude Include="type_trait\modifier.h" />
    <ClInclude Include="type_trait\modifier\const.h" />
    <ClInclude Include="type_trait\modifier\cv.h" />
    <ClInclude Include="type_trait\modifier\cv_ref.h" />
    <ClInclude Include="type_trait\modifier\reference.h" />
    <ClInclude Include="type_trait\modifier\volatile.h" />
    <ClInclude Include="mpl\structure\type\structure\describe\make.h" />
    <ClInclude Include="mpl\structure\type\structure\name.h" />
    <ClInclude Include="mpl\structure\type\structure\name\index_of_key.h" />
    <ClInclude Include="mpl\structure\type\structure\name\make.h" />
    <ClInclude Include="mpl\structure\type\structure\name\name_struct.h" />
    <ClInclude Include="mpl\structure\type\structure\name\pair.h" />
    <ClInclude Include="mpl\structure\type\structure\name\variable_at_key.h" />
    <ClInclude Include="_discard\ngl\shader\uniform.h" />
    <ClInclude Include="_discard\ngl\vertex\fusion.h" />
    <ClInclude Include="_discard\ngl\vertex\fusion\attrib.h" />
    <ClInclude Include="_discard\ngl\vertex\fusion\attrib\attrib.h" />
    <ClInclude Include="_discard\ngl\vertex\fusion\attrib\concept.h" />
    <ClInclude Include="_discard\ngl\vertex\fusion\attrib\dynamic_data.h" />
    <ClInclude Include="_discard\ngl\vertex\fusion\attrib\make.h" />
    <ClInclude Include="_discard\ngl\vertex\fusion\buffer.h" />
    <ClInclude Include="_discard\ngl\vertex\fusion\buffer\buffer.h" />
    <ClInclude Include="_discard\ngl\vertex\fusion\buffer\concept.h" />
    <ClInclude Include="_discard\ngl\vertex\fusion\buffer\dynamic_data.h" />
    <ClInclude Include="_discard\ngl\vertex\fusion\buffer\make.h" />
    <ClInclude Include="_discard\ngl\vertex\fusion\defined.h" />
    <ClInclude Include="static\string\core.h" />
    <ClInclude Include="static\string\defined.h" />
    <ClInclude Include="static\string\string.h" />
    <ClInclude Include="type_trait\defined.h" />
    <ClInclude Include="type_trait\na.h" />
    <ClInclude Include="type_trait\object.h" />
    <ClInclude Include="type_trait\operators.h" />
    <ClInclude Include="type_trait\operators\detail.h" />
    <ClInclude Include="type_trait\operators\detail\arithmetic.h" />
    <ClInclude Include="type_trait\operators\detail\assign.h" />
    <ClInclude Include="type_trait\operators\detail\bit.h" />
    <ClInclude Include="type_trait\operators\detail\compare.h" />
    <ClInclude Include="type_trait\operators\defined.h" />
    <ClInclude Include="type_trait\operators\detail\address.h" />
    <ClInclude Include="type_trait\operators\detail\gen_begin.h" />
    <ClInclude Include="type_trait\operators\detail\gen_end.h" />
    <ClInclude Include="type_trait\operators\detail\logic.h" />
    <ClInclude Include="type_trait\operators\detail\sign.h" />
    <ClInclude Include="type_trait\naked.h" />
    <ClInclude Include="type_trait\precision.h" />
    <ClInclude Include="type_trait\type_trait.h" />
    <ClInclude Include="wrapper\defined.h" />
    <ClInclude Include="wrapper\input.h" />
    <ClInclude Include="wrapper\input_or_output.h" />
    <ClInclude Include="wrapper\output.h" />
    <ClInclude Include="wrapper\wrapper.h" />
    <ClInclude Include="yap\closure_type.h" />
    <ClInclude Include="yap\complexity.h" />
    <ClInclude Include="yap\concept.h" />
    <ClInclude Include="yap\defined.h" />
    <ClInclude Include="yap\evaluate.h" />
    <ClInclude Include="yap\expression.h" />
    <ClInclude Include="layout\align.h" />
    <ClInclude Include="layout\align\align_as.h" />
    <ClInclude Include="layout\align\concept.h" />
    <ClInclude Include="layout\align\constant.h" />
    <ClInclude Include="layout\align\align_of.h" />
    <ClInclude Include="layout\align\is_align.h" />
    <ClInclude Include="layout\layout.h" />
    <ClInclude Include="layout\defined.h" />
    <ClInclude Include="_discard\base\base.h" />
    <ClInclude Include="_discard\base\base.hpp" />
    <ClInclude Include="basic\declval.h" />
    <ClInclude Include="to_string\format.h" />
    <ClInclude Include="ccpt\base.h" />
    <ClInclude Include="extend\meta_variable_wrapper.h" />
    <ClInclude Include="layout\offset.h" />
    <ClInclude Include="layout\size.h" />
    <ClInclude Include="layout\size\size_of.h" />
    <ClInclude Include="math\basic\power.h" />
    <ClInclude Include="math\basic\sqrt.h" />
    <ClInclude Include="math\space\axis.h" />
    <ClInclude Include="math\space\axis\concept.h" />
    <ClInclude Include="math\space\axis\axis.h" />
    <ClInclude Include="math\space\axis\support.h" />
    <ClInclude Include="math\space\base\coordinate.h" />
    <ClInclude Include="math\space.h" />
    <ClInclude Include="math\space\base\concept.h" />
    <ClInclude Include="math\space\cartesian\3d.h" />
    <ClInclude Include="math\space\cartesian\3d\3d.h" />
    <ClInclude Include="math\space\cartesian\3d\defined.h" />
    <ClInclude Include="math\space\cartesian\defined.h" />
    <ClInclude Include="math\space\config.h" />
    <ClInclude Include="math\space\cartesian.h" />
    <ClInclude Include="math\space\cartesian\3d\chirality.h" />
    <ClInclude Include="math\space\cartesian\concept.h" />
    <ClInclude Include="math\space\cartesian\3d\direction.h" />
    <ClInclude Include="math\space\cartesian\3d\direction\concept.h" />
    <ClInclude Include="math\space\cartesian\3d\direction\direction.h" />
    <ClInclude Include="math\space\cartesian\3d\direction\support.h" />
    <ClInclude Include="math\space\cartesian\3d\functor.h" />
    <ClInclude Include="math\space\cartesian\3d\functor\chirality.h" />
    <ClInclude Include="math\space\cartesian\cartesian.h" />
    <ClInclude Include="math\space\cartesian\3d\screen.h" />
    <ClInclude Include="math\space\cartesian\3d\screen\concept.h" />
    <ClInclude Include="math\space\cartesian\3d\screen\screen.h" />
    <ClInclude Include="math\space\defined.h" />
    <ClInclude Include="math\space\cartesian\3d\screen\support.h" />
    <ClInclude Include="_discard\extend\color\color.h" />
    <ClInclude Include="basic\basic.h" />
    <ClInclude Include="_discard\base\defined.h" />
    <ClInclude Include="_discard\base\is_as.h" />
    <ClInclude Include="extend\memory_reinterpreter.h" />
    <ClInclude Include="ccpt\ccpt.h" />
    <ClInclude Include="ccpt\fundamental\boolean.h" />
    <ClInclude Include="ccpt\fundamental\constant_.h" />
    <ClInclude Include="ccpt\defined.h" />
    <ClInclude Include="ccpt\derived.h" />
    <ClInclude Include="ccpt\fundamental.h" />
    <ClInclude Include="ccpt\fundamental\floating.h" />
    <ClInclude Include="ccpt\functor.h" />
    <ClInclude Include="ccpt\fundamental\fundamental.h" />
    <ClInclude Include="ccpt\fundamental\integral.h" />
    <ClInclude Include="ccpt\fundamental\uint.h" />
    <ClInclude Include="ccpt\predicate.h" />
    <ClInclude Include="ccpt\verify.h" />
    <ClInclude Include="_discard\dl\defined.h" />
    <ClInclude Include="_discard\dl\display.h" />
    <ClInclude Include="_discard\dl\display.hpp" />
    <ClInclude Include="_discard\dl\display\basic.h" />
    <ClInclude Include="_discard\dl\display\bitmap.h" />
    <ClInclude Include="_discard\dl\display\bitmap\bitmap.h" />
    <ClInclude Include="_discard\dl\display\bitmap\data.h" />
    <ClInclude Include="_discard\dl\display\bitmap\data.hpp" />
    <ClInclude Include="_discard\dl\display\bitmap\idata.h" />
    <ClInclude Include="_discard\dl\display\bitmap\view.h" />
    <ClInclude Include="_discard\dl\display\display.h" />
    <ClInclude Include="_discard\dl\display\get_display_stage.h" />
    <ClInclude Include="_discard\dl\display\shape.hpp" />
    <ClInclude Include="_discard\dl\display\shape.h" />
    <ClInclude Include="_discard\dl\display\shape\graphic.h" />
    <ClInclude Include="_discard\dl\display\shape\graphic.hpp" />
    <ClInclude Include="_discard\dl\display\shape\graphic\command.h" />
    <ClInclude Include="_discard\dl\display\shape\graphic\command.hpp" />
    <ClInclude Include="_discard\dl\display\shape\graphic\graphic.h" />
    <ClInclude Include="_discard\dl\display\shape\shape.h" />
    <ClInclude Include="_discard\dl\display\shape\shape.hpp" />
    <ClInclude Include="_discard\dl\display\sprite.h" />
    <ClInclude Include="_discard\dl\display\stage.h" />
    <ClInclude Include="_discard\dl\dl.h" />
    <ClInclude Include="_discard\dl\dl.hpp" />
    <ClInclude Include="_discard\dl\enum.h" />
    <ClInclude Include="_discard\dl\enum\blend_mode.h" />
    <ClInclude Include="_discard\dl\enum\graphic_command.h" />
    <ClInclude Include="_discard\dl\graphic\api.h" />
    <ClInclude Include="_discard\dl\graphic\listen.h" />
    <ClInclude Include="_discard\dl\transform.h" />
    <ClInclude Include="_discard\extend\color\channel.h" />
    <ClInclude Include="_discard\extend\color\concept.h" />
    <ClInclude Include="_discard\extend\color\defined.h" />
    <ClInclude Include="_discard\extend\color\hsv.h" />
    <ClInclude Include="_discard\extend\color\primary_color.h" />
    <ClInclude Include="basic\defined.h" />
    <ClInclude Include="basic\STL.h" />
    <ClInclude Include="version\version.h" />
    <ClInclude Include="_discard\extend\byte_array.h" />
    <ClInclude Include="_discard\extend\color\color_old.h" />
    <ClInclude Include="_discard\extend\movie.h" />
    <ClInclude Include="_discard\extend\selector.h" />
    <ClInclude Include="_discard\extend\setting.h" />
    <ClInclude Include="_discard\extend\timer.h" />
    <ClInclude Include="_discard\extend\tree.h" />
    <ClInclude Include="_discard\graphic\api\graphic.h" />
    <ClInclude Include="_discard\graphic\api\image.h" />
    <ClInclude Include="_discard\graphic\api\renderer.h" />
    <ClInclude Include="_discard\graphic\api\texture.h" />
    <ClInclude Include="_discard\graphic\graph.h" />
    <ClInclude Include="_discard\graphic\api\window.h" />
    <ClInclude Include="imgui\imgui.h" />
    <ClInclude Include="math\basic.h" />
    <ClInclude Include="math\basic\basic.h" />
    <ClInclude Include="math\basic\combine.h" />
    <ClInclude Include="math\basic\expression.h" />
    <ClInclude Include="math\basic\factorial.h" />
    <ClInclude Include="math\basic\inversion_number.h" />
    <ClInclude Include="math\basic\permutate.h" />
    <ClInclude Include="math\defined.h" />
    <ClInclude Include="math\geometry.h" />
    <ClInclude Include="math\geometry\circle.h" />
    <ClInclude Include="math\geometry\quaternion.h" />
    <ClInclude Include="math\geometry\quaternion\conjugate.h" />
    <ClInclude Include="math\geometry\quaternion\multiply.h" />
    <ClInclude Include="math\geometry\quaternion\quaternion.h" />
    <ClInclude Include="math\geometry\rectangle_3d.h" />
    <ClInclude Include="math\geometry\transform.h" />
    <ClInclude Include="math\mla.h" />
    <ClInclude Include="math\geometry\point.h" />
    <ClInclude Include="math\mla\config.h" />
    <ClInclude Include="math\mla\iterator_interface.h" />
    <ClInclude Include="math\mla\matrix.h" />
    <ClInclude Include="math\mla\matrix\binary.h" />
    <ClInclude Include="math\mla\matrix\binary\binary.h" />
    <ClInclude Include="math\mla\matrix\binary\functor.h" />
    <ClInclude Include="math\mla\matrix\binary\macro_begin.h" />
    <ClInclude Include="math\mla\matrix\binary\macro_end.h" />
    <ClInclude Include="math\mla\matrix\binary\operator.h" />
    <ClInclude Include="math\mla\matrix\binary\operator\basic.h" />
    <ClInclude Include="math\mla\matrix\binary\operator\compare.h" />
    <ClInclude Include="math\mla\matrix\binary\operator\multiplies.h" />
    <ClInclude Include="math\mla\matrix\binary\operator\multiplies\matrix.h" />
    <ClInclude Include="math\mla\matrix\binary\operator\multiplies\multiplicative.h" />
    <ClInclude Include="math\mla\matrix\binary\operator\multiplies\scalar.h" />
    <ClInclude Include="math\mla\matrix\binary\operator\multiplies\vector.h" />
    <ClInclude Include="math\mla\matrix\binary\operator\pipeline.h" />
    <ClInclude Include="math\mla\matrix\binary\operator\rotate.h" />
    <ClInclude Include="math\mla\matrix\binary\operator\scale.h" />
    <ClInclude Include="math\mla\matrix\binary\operator\translate.h" />
    <ClInclude Include="math\mla\matrix\expression\concept.h" />
    <ClInclude Include="math\mla\matrix\expression\diagonal.h" />
    <ClInclude Include="math\mla\matrix\expression\homogen.h" />
    <ClInclude Include="math\mla\matrix\expression\identity.h" />
    <ClInclude Include="math\mla\matrix\expression\expression.h" />
    <ClInclude Include="math\mla\matrix\expression\scalar.h" />
    <ClInclude Include="math\mla\matrix\expression\square.h" />
    <ClInclude Include="math\mla\matrix\expression\static.h" />
    <ClInclude Include="math\mla\matrix\expression\triangular.h" />
    <ClInclude Include="math\mla\matrix\expression\vector.h" />
    <ClInclude Include="math\mla\matrix\expression\zero.h" />
    <ClInclude Include="math\mla\matrix\io.h" />
    <ClInclude Include="math\mla\matrix\expression\matrix.h" />
    <ClInclude Include="math\mla\matrix\traits.h" />
    <ClInclude Include="math\mla\matrix\unary.h" />
    <ClInclude Include="math\mla\matrix\unary\functor.h" />
    <ClInclude Include="math\mla\matrix\unary\operator.h" />
    <ClInclude Include="math\mla\matrix\unary\operator\access.h" />
    <ClInclude Include="math\mla\matrix\unary\operator\as_vector.h" />
    <ClInclude Include="math\mla\matrix\unary\operator\determinant.h" />
    <ClInclude Include="math\mla\matrix\unary\operator\gauss_elimination.h" />
    <ClInclude Include="math\mla\matrix\unary\operator\homogen.h" />
    <ClInclude Include="math\mla\matrix\unary\operator\inverse.h" />
    <ClInclude Include="math\mla\matrix\unary\operator\look_to.h" />
    <ClInclude Include="math\mla\matrix\unary\operator\minor.h" />
    <ClInclude Include="math\mla\matrix\unary\operator\negate.h" />
    <ClInclude Include="math\mla\matrix\unary\operator\transpose.h" />
    <ClInclude Include="math\mla\matrix\unary\operator\triangular.h" />
    <ClInclude Include="math\mla\matrix\unary\operator\view.h" />
    <ClInclude Include="math\mla\matrix\unary\unary.h" />
    <ClInclude Include="math\mla\base\tag.h" />
    <ClInclude Include="math\mla\base\traits.h" />
    <ClInclude Include="math\mla\defined.h" />
    <ClInclude Include="math\mla\base\expression.h" />
    <ClInclude Include="math\mla\base\concepts.h" />
    <ClInclude Include="math\mla\matrix\expression\container.h" />
    <ClInclude Include="math\mla\matrix\expression.h" />
    <ClInclude Include="math\geometry\line.h" />
    <ClInclude Include="math\mla\matrix\tag.h" />
    <ClInclude Include="math\mla\scalar.h" />
    <ClInclude Include="math\mla\scalar\binary.h" />
    <ClInclude Include="math\mla\scalar\binary\functor.h" />
    <ClInclude Include="math\mla\scalar\binary\macro_begin.h" />
    <ClInclude Include="math\mla\scalar\binary\macro_end.h" />
    <ClInclude Include="math\mla\scalar\binary\operator.h" />
    <ClInclude Include="math\mla\scalar\expression\concept.h" />
    <ClInclude Include="math\mla\scalar\traits.h" />
    <ClInclude Include="math\mla\scalar\unary.h" />
    <ClInclude Include="math\mla\scalar\unary\functor.h" />
    <ClInclude Include="math\mla\scalar\unary\negate.h" />
    <ClInclude Include="math\mla\vector\binary.h" />
    <ClInclude Include="math\mla\vector\binary\binary.h" />
    <ClInclude Include="math\mla\vector\binary\functor.h" />
    <ClInclude Include="math\mla\vector\binary\macro_begin.h" />
    <ClInclude Include="math\mla\vector\binary\macro_end.h" />
    <ClInclude Include="math\mla\vector\binary\operator.h" />
    <ClInclude Include="math\mla\vector\binary\operator\angle_between.h" />
    <ClInclude Include="math\mla\vector\binary\operator\basic.h" />
    <ClInclude Include="math\mla\vector\binary\operator\compare.h" />
    <ClInclude Include="math\mla\vector\binary\operator\is_collinear.h" />
    <ClInclude Include="math\mla\vector\binary\operator\is_same_direction.h" />
    <ClInclude Include="math\mla\vector\binary\operator\is_vertical.h" />
    <ClInclude Include="math\mla\vector\binary\operator\product.h" />
    <ClInclude Include="math\mla\vector\binary\operator\rotate.h" />
    <ClInclude Include="math\mla\vector\binary\traits.h" />
    <ClInclude Include="math\mla\vector\expression\container.h" />
    <ClInclude Include="math\mla\vector\expression\concept.h" />
    <ClInclude Include="math\mla\vector\expression\expression.h" />
    <ClInclude Include="math\mla\vector\expression\homogen.h" />
    <ClInclude Include="math\mla\vector\expression\static.h" />
    <ClInclude Include="math\mla\vector\io.h" />
    <ClInclude Include="math\mla\vector\expression\scalar.h" />
    <ClInclude Include="math\mla\vector\traits.h" />
    <ClInclude Include="math\mla\vector\unary\operator.h" />
    <ClInclude Include="math\mla\vector\unary\operator\homogen.h" />
    <ClInclude Include="math\mla\vector\unary\operator\modulus.h" />
    <ClInclude Include="math\mla\vector\unary\operator\negate.h" />
    <ClInclude Include="math\mla\vector\unary\operator\normalize.h" />
    <ClInclude Include="math\mla\vector\unary\operator\polar_angle.h" />
    <ClInclude Include="math\mla\vector\unary\operator\trigonometric.h" />
    <ClInclude Include="math\mla\vector\unary\operator\view.h" />
    <ClInclude Include="math\mla\vector\unary\traits.h" />
    <ClInclude Include="math\mla\vector.h" />
    <ClInclude Include="math\mla\vector\expression.h" />
    <ClInclude Include="math\mla\vector\tag.h" />
    <ClInclude Include="math\mla\vector\unary.h" />
    <ClInclude Include="math\mla\vector\unary\functor.h" />
    <ClInclude Include="math\mla\vector\unary\unary.h" />
    <ClInclude Include="math\mla\vector\expression\vector.h" />
    <ClInclude Include="math\math.h" />
    <ClInclude Include="math\math.hpp" />
    <ClInclude Include="math\geometry\rectangle.h" />
    <ClInclude Include="math\mst\defined.h" />
    <ClInclude Include="math\mst\set\expression.h" />
    <ClInclude Include="math\mst\set\expression\expression.h" />
    <ClInclude Include="math\mst\set\expression\finite.h" />
    <ClInclude Include="math\mst\set\expression\infinite.h" />
    <ClInclude Include="math\rotation.h" />
    <ClInclude Include="math\space\cartesian\support.h" />
    <ClInclude Include="math\util.h" />
    <ClInclude Include="math\utils\axis.h" />
    <ClInclude Include="math\utils\base_vector.h" />
    <ClInclude Include="math\utils\util.h" />
    <ClInclude Include="mpl\counter.h" />
    <ClInclude Include="mpl\counter\core.h" />
    <ClInclude Include="mpl\counter\counter.h" />
    <ClInclude Include="mpl\counter\defined.h" />
    <ClInclude Include="mpl\structure.h" />
    <ClInclude Include="mpl\structure\type.h" />
    <ClInclude Include="mpl\structure\type\structure\concept.h" />
    <ClInclude Include="mpl\structure\type\structure\describe.h" />
    <ClInclude Include="mpl\structure\type\structure\flatten.h" />
    <ClInclude Include="mpl\structure\type\structure\storage.h" />
    <ClInclude Include="mpl\structure\type\structure\storage\storage.h" />
    <ClInclude Include="mpl\structure\type\structure\storage\concept.h" />
    <ClInclude Include="mpl\structure\type\structure\structure.h" />
    <ClInclude Include="mpl\structure\type\structure\describe\describe.h" />
    <ClInclude Include="mpl\structure\type\variable.h" />
    <ClInclude Include="mpl\structure\type\variable\concept.h" />
    <ClInclude Include="mpl\structure\type\variable\dynamic_data.h" />
    <ClInclude Include="mpl\structure\type\variable\traits.h" />
    <ClInclude Include="mpl\structure\type\structure\wrapper.h" />
    <ClInclude Include="mpl\container.h" />
    <ClInclude Include="mpl\container\map.h" />
    <ClInclude Include="mpl\container\map\key_value_pair.h" />
    <ClInclude Include="mpl\container\map\map.h" />
    <ClInclude Include="mpl\container\pair.h" />
    <ClInclude Include="mpl\container\set.h" />
    <ClInclude Include="mpl\container\set\algorithm.h" />
    <ClInclude Include="mpl\container\set\algorithm\find_if.h" />
    <ClInclude Include="mpl\container\set\algorithm\insert.h" />
    <ClInclude Include="mpl\container\set\set.h" />
    <ClInclude Include="mpl\container\vector.h" />
    <ClInclude Include="mpl\container\vector\algorithm\at.h" />
    <ClInclude Include="mpl\container\vector\algorithm\filter.h" />
    <ClInclude Include="mpl\container\vector\algorithm\push.h" />
    <ClInclude Include="mpl\container\vector\algorithm\size_of.h" />
    <ClInclude Include="mpl\container\vector\algorithm\transform.h" />
    <ClInclude Include="mpl\container\vector\algorithm\unique.h" />
    <ClInclude Include="mpl\container\vector\algorithm\view.h" />
    <ClInclude Include="mpl\defined.h" />
    <ClInclude Include="mpl\functor.h" />
    <ClInclude Include="mpl\functor\contain.h" />
    <ClInclude Include="mpl\functor\equal.h" />
    <ClInclude Include="mpl\functor\find_if.h" />
    <ClInclude Include="mpl\functor\no_transform.h" />
    <ClInclude Include="mpl\meta_struct\meta_struct.h" />
    <ClInclude Include="mpl\meta_struct\meta_struct\meta_struct.h" />
    <ClInclude Include="mpl\meta_struct\meta_struct\variable_adapter.h" />
    <ClInclude Include="mpl\meta_struct\spread.h" />
    <ClInclude Include="mpl\meta_struct\meta_variable.h" />
    <ClInclude Include="mpl\mpl.h" />
    <ClInclude Include="mpl\container\vector\algorithm.h" />
    <ClInclude Include="mpl\container\vector\algorithm\find.h" />
    <ClInclude Include="mpl\container\vector\algorithm\push_back.h" />
    <ClInclude Include="mpl\container\vector\algorithm\push_back_range.h" />
    <ClInclude Include="mpl\container\vector\algorithm\push_front.h" />
    <ClInclude Include="mpl\container\vector\algorithm\push_front_range.h" />
    <ClInclude Include="mpl\container\vector\vector.h" />
    <ClInclude Include="mpl\utils.h" />
    <ClInclude Include="mpl\utils\function.h" />
    <ClInclude Include="mpl\utils\is_same_with_any_of.h" />
    <ClInclude Include="mpl\utils\precision.h" />
    <ClInclude Include="mpl\utils\promote.h" />
    <ClInclude Include="mpl\utils\sequence_params.h" />
    <ClInclude Include="mpl\utils\size_of.h" />
    <ClInclude Include="mpl\utils\template.h" />
    <ClInclude Include="_discard\nda\defined.h" />
    <ClInclude Include="_discard\nda\display\bitmap\bitmap.h" />
    <ClInclude Include="_discard\nda\display\bitmap\data.h" />
    <ClInclude Include="_discard\nda\display\bitmap\data_view.h" />
    <ClInclude Include="_discard\nda\display\bitmap\idata.h" />
    <ClInclude Include="_discard\nda\display\display.h" />
    <ClInclude Include="_discard\nda\display\sprite.h" />
    <ClInclude Include="_discard\nda\display\stage.h" />
    <ClInclude Include="_discard\nda\enum\blend.h" />
    <ClInclude Include="_discard\nda\impl\opengl.h" />
    <ClInclude Include="_discard\nda\impl\opengl\defined.h" />
    <ClInclude Include="_discard\nda\impl\opengl\draw.h" />
    <ClInclude Include="_discard\nda\impl\opengl\draw\image\drawer.h" />
    <ClInclude Include="_discard\nda\impl\opengl\draw\image\unit.h" />
    <ClInclude Include="_discard\nda\impl\opengl\draw\image\unit\image.h" />
    <ClInclude Include="_discard\nda\impl\opengl\draw\base\unit.h" />
    <ClInclude Include="_discard\nda\impl\opengl\opengl.h" />
    <ClInclude Include="_discard\nda\impl\opengl\space.h" />
    <ClInclude Include="_discard\nda\interfaces\draw.h" />
    <ClInclude Include="_discard\nda\interfaces\interfaces.h" />
    <ClInclude Include="_discard\nda\NDA.h" />
    <ClInclude Include="_discard\nda\NDA.hpp" />
    <ClInclude Include="_discard\nda\transform.h" />
    <ClInclude Include="_discard\extend\user_data.h" />
    <ClInclude Include="_discard\ngf\defined.h" />
    <ClInclude Include="_discard\ngl\base\buffer.h" />
    <ClInclude Include="_discard\ngl\base\buffer.hpp" />
    <ClInclude Include="_discard\ngl\base\buffer_target.h" />
    <ClInclude Include="_discard\ngl\base\object.h" />
    <ClInclude Include="_discard\ngl\base\opengl.h" />
    <ClInclude Include="_discard\ngl\base\opengl.hpp" />
    <ClInclude Include="_discard\ngl\base\state.h" />
    <ClInclude Include="_discard\ngl\base\target.h" />
    <ClInclude Include="_discard\ngl\bind.h" />
    <ClInclude Include="_discard\ngl\config.h" />
    <ClInclude Include="_discard\ngl\defined.h" />
    <ClInclude Include="_discard\ngl\enum\blend.h" />
    <ClInclude Include="_discard\ngl\enum\buffer.h" />
    <ClInclude Include="_discard\ngl\enum\capabilities.h" />
    <ClInclude Include="_discard\ngl\enum\cursor.h" />
    <ClInclude Include="_discard\ngl\enum\draw.h" />
    <ClInclude Include="_discard\ngl\enum\error_code.h" />
    <ClInclude Include="_discard\ngl\enum\filters.h" />
    <ClInclude Include="_discard\ngl\enum\framebuffer.h" />
    <ClInclude Include="_discard\ngl\enum\image_format.h" />
    <ClInclude Include="_discard\ngl\enum\shader.h" />
    <ClInclude Include="_discard\ngl\enum\texture.h" />
    <ClInclude Include="_discard\ngl\enum\usage.h" />
    <ClInclude Include="_discard\ngl\enum\wraps.h" />
    <ClInclude Include="_discard\ngl\environment.h" />
    <ClInclude Include="_discard\ngl\environment\background.h" />
    <ClInclude Include="_discard\ngl\environment\capability.h" />
    <ClInclude Include="_discard\ngl\environment\capability\blend.h" />
    <ClInclude Include="_discard\ngl\environment\capability\capabilities.h" />
    <ClInclude Include="_discard\ngl\environment\capability\capability.h" />
    <ClInclude Include="_discard\ngl\environment\capability\manager.h" />
    <ClInclude Include="_discard\ngl\environment\clear.h" />
    <ClInclude Include="_discard\ngl\environment\framebuffer.h" />
    <ClInclude Include="_discard\ngl\environment\manager.h" />
    <ClInclude Include="_discard\ngl\environment\shader.h" />
    <ClInclude Include="_discard\ngl\environment\vertex_array.h" />
    <ClInclude Include="_discard\ngl\environment\viewport.h" />
    <ClInclude Include="_discard\ngl\error.h" />
    <ClInclude Include="_discard\ngl\framebuffer.h" />
    <ClInclude Include="_discard\ngl\framebuffer.hpp" />
    <ClInclude Include="_discard\ngl\framebuffer\attachment.h" />
    <ClInclude Include="_discard\ngl\framebuffer\framebuffer.h" />
    <ClInclude Include="_discard\ngl\framebuffer\framebuffer.hpp" />
    <ClInclude Include="_discard\ngl\framebuffer\renderbuffer.h" />
    <ClInclude Include="_discard\ngl\framebuffer\renderbuffer.hpp" />
    <ClInclude Include="_discard\ngl\glfw.h" />
    <ClInclude Include="_discard\ngl\glfw\cursor.h" />
    <ClInclude Include="_discard\ngl\glfw\defined.h" />
    <ClInclude Include="_discard\ngl\glfw\glfw.h" />
    <ClInclude Include="_discard\ngl\glfw\image.h" />
    <ClInclude Include="_discard\ngl\glfw\monitor.h" />
    <ClInclude Include="_discard\ngl\glfw\window.h" />
    <ClInclude Include="_discard\ngl\gl_enum.h" />
    <ClInclude Include="_discard\ngl\NGL.h" />
    <ClInclude Include="_discard\ngl\NGL.hpp" />
    <ClInclude Include="_discard\ngl\opengl.h" />
    <ClInclude Include="_discard\ngl\shader\glsl\uniform.h" />
    <ClInclude Include="_discard\ngl\shader\glsl\uniform\functor.h" />
    <ClInclude Include="_discard\ngl\shader\glsl\uniform\location.h" />
    <ClInclude Include="_discard\ngl\shader\glsl\uniform\manager.h" />
    <ClInclude Include="_discard\ngl\shader\glsl\uniform\tuple.h" />
    <ClInclude Include="_discard\ngl\shader\shader.h" />
    <ClInclude Include="_discard\ngl\shader\shader.hpp" />
    <ClInclude Include="_discard\ngl\shader\shader_uniform.h" />
    <ClInclude Include="_discard\ngl\shader\source.h" />
    <ClInclude Include="_discard\ngl\environment\environment.h" />
    <ClInclude Include="_discard\ngl\texture\image_view.h" />
    <ClInclude Include="_discard\ngl\texture\texture.h" />
    <ClInclude Include="_discard\ngl\texture\texture.hpp" />
    <ClInclude Include="_discard\ngl\texture\pool.h" />
    <ClInclude Include="_discard\ngl\utils\camera.h" />
    <ClInclude Include="_discard\ngl\utils\renderer.h" />
    <ClInclude Include="_discard\ngl\vertex\array\array.h" />
    <ClInclude Include="_discard\ngl\vertex\concepts.h" />
    <ClInclude Include="_discard\ngl\vertex\ctrl\default.h" />
    <ClInclude Include="_discard\ngl\vertex\ctrl\line.h" />
    <ClInclude Include="_discard\ngl\vertex\ctrl\polygon.h" />
    <ClInclude Include="_discard\ngl\vertex\ctrl\vertex.h" />
    <ClInclude Include="_discard\ngl\vertex\indices.h" />
    <ClInclude Include="_discard\ngl\vertex\indices.hpp" />
    <ClInclude Include="_discard\ngl\vertex\interface\IIndicesCtrl.h" />
    <ClInclude Include="_discard\ngl\vertex\trait.h" />
    <ClInclude Include="_discard\ngl\vertex\vertex.h" />
    <ClInclude Include="_discard\ngl\vertex\vertex.hpp" />
    <ClInclude Include="_discard\ngl\vertex\vertex_buffer.h" />
    <ClInclude Include="_discard\ngl\vertex\vertex_buffer.hpp" />
    <ClInclude Include="_discard\ngl\vertex\array\base.h" />
    <ClInclude Include="_discard\ngl\vertex\array\base.hpp" />
    <ClInclude Include="_discard\ngl\vertex\array\indices.h" />
    <ClInclude Include="_discard\ngl\vertex\array\line.h" />
    <ClInclude Include="_discard\ngl\vertex\array\polygon.h" />
    <ClInclude Include="osapi\nsw\bus\serial_port.hpp" />
    <ClInclude Include="osapi\nsw\bus\UART.hpp" />
    <ClInclude Include="osapi\nsw\defined.h" />
    <ClInclude Include="osapi\nsw\depend.h" />
    <ClInclude Include="osapi\nsw\NSW.h" />
    <ClInclude Include="osapi\nsw\NSW.hpp" />
    <ClInclude Include="mpl\structure\defined.h" />
    <ClInclude Include="mpl\structure\structure.h" />
    <ClInclude Include="mpl\structure\type\structure.h" />
    <ClInclude Include="mpl\structure\type\variable\variable.h" />
    <ClInclude Include="transform\axis.h" />
    <ClInclude Include="transform\coordinate.h" />
    <ClInclude Include="transform\defined.h" />
    <ClInclude Include="transform\transform.hpp" />
    <ClInclude Include="transform\3d.h" />
    <ClInclude Include="transform\3d\direction.h" />
    <ClInclude Include="transform\3d\lorentz.h" />
    <ClInclude Include="transform\3d\projection\orthographic.h" />
    <ClInclude Include="transform\3d\projection\perspective.h" />
    <ClInclude Include="transform\transform.h" />
    <ClInclude Include="transform\3d\projection.h" />
    <ClInclude Include="yap\yap.h" />
    <ClInclude Include="external\vulkan\descriptor\vertex\buffer\buffers.h" />
    <ClInclude Include="external\vulkan\descriptor.h" />
    <ClInclude Include="external\vulkan\descriptor\vertex\defined.h" />
    <ClInclude Include="external\vulkan\descriptor\vertex.h" />
    <ClInclude Include="external\vulkan\application.h" />
    <ClInclude Include="external\vulkan\application\application.h" />
    <ClInclude Include="external\vulkan\application\defined.h" />
    <ClInclude Include="external\vulkan\application\info.h" />
    <ClInclude Include="external\boost\pfr.h" />
    <ClInclude Include="external\boost\pfr\defined.h" />
    <ClInclude Include="external\boost\pfr\pfr.h" />
    <ClInclude Include="external\boost\pfr\convert.h" />
    <ClInclude Include="external\vulkan\application.hpp" />
    <ClInclude Include="external\vulkan_with_depend.hpp" />
    <ClInclude Include="external\vulkan.hpp" />
    <ClInclude Include="external\stl\range\defined.h" />
    <ClInclude Include="external\stl\range\transform.h" />
    <ClInclude Include="external\stl\range\transform\defined.h" />
    <ClInclude Include="external\stl\range\transform\container.h" />
    <ClInclude Include="external\stl\range.h" />
  </ItemGroup>
  <ItemGroup>
    <None Include="mpl\structure\type\structure\describe\concept.h" />
    <None Include="external\vulkan\application\application.hpp" />
  </ItemGroup>
</Project>